
Microsoft Visual Studio Solution File, Format Version 12.00
# Visual Studio Version 16
VisualStudioVersion = 16.0.30002.166
MinimumVisualStudioVersion = 10.0.40219.1
Project("{FAE04EC0-301F-11D3-BF4B-00C04F79EFBC}") = "cgproject3", "cgproject3\cgproject3.csproj", "{763A089E-3BD1-4363-8DA1-DC5F1BF813ED}"
EndProject
Global
	GlobalSection(SolutionConfigurationPlatforms) = preSolution
		Debug|Any CPU = Debug|Any CPU
		Release|Any CPU = Release|Any CPU
	EndGlobalSection
	GlobalSection(ProjectConfigurationPlatforms) = postSolution
		{763A089E-3BD1-4363-8DA1-DC5F1BF813ED}.Debug|Any CPU.ActiveCfg = Debug|Any CPU
		{763A089E-3BD1-4363-8DA1-DC5F1BF813ED}.Debug|Any CPU.Build.0 = Debug|Any CPU
		{763A089E-3BD1-4363-8DA1-DC5F1BF813ED}.Release|Any CPU.ActiveCfg = Release|Any CPU
		{763A089E-3BD1-4363-8DA1-DC5F1BF813ED}.Release|Any CPU.Build.0 = Release|Any CPU
	EndGlobalSection
	GlobalSection(SolutionProperties) = preSolution
		HideSolutionNode = FALSE
	EndGlobalSection
	GlobalSection(ExtensibilityGlobals) = postSolution
		SolutionGuid = {C0B824FB-AE0A-4560-9DC8-ACF9A1D9833E}
	EndGlobalSection
EndGlobal
